{
  "name": "type-challenges",
  "version": "0.0.0",
  "lockfileVersion": 1,
  "requires": true,
  "dependencies": {
    "cz-git": {
      "version": "1.4.0",
      "resolved": "https://registry.npmmirror.com/cz-git/-/cz-git-1.4.0.tgz",
      "integrity": "sha512-3ZC3jA337Qp5FkoqBwIFG3o+R70oHl1iRpEd3dAjbUnU/rUA4YK2hy7A3PueSgcPh9HslPCcqXdeL+jWAbTrNw==",
      "dev": true
    }
  }
}
